github.com/remoteit/go-ole v1.2.7 h1:YpGVYSA5uik7oG2g3EBXs7ii/3jdN2mxEYWfG8IcDzQ=
github.com/remoteit/go-ole v1.2.7/go.mod h1:HMYnHgvOLvftR688DGl6utOsABwvgBjMbNDRufgw0jA=
golang.org/x/sys v0.0.0-20220209214540-3681064d5158 h1:rm+CHSpPEEW2IsXUib1ThaHIjuBVZjxNgSKmBLFfD4c=
golang.org/x/sys v0.0.0-20220209214540-3681064d5158/go.mod h1:oPkhp1MJrh7nUepCBck5+mAzfO9JrbApNNgaTdGDITg=
